{
  "nodes": {
    "crane": {
      "locked": {
        "lastModified": 1771121070,
        "narHash": "sha256-aIlv7FRXF9q70DNJPI237dEDAznSKaXmL5lfK/Id/bI=",
        "ref": "refs/tags/v0.23.1",
        "rev": "a2812c19f1ed2e5ed5ce2ef7109798b575c180e1",
        "revCount": 813,
        "type": "git",
        "url": "https://github.com/ipetkov/crane"
      },
      "original": {
        "ref": "refs/tags/v0.23.1",
        "type": "git",
        "url": "https://github.com/ipetkov/crane"
      }
    },
    "cxx-qt-cmake": {
      "flake": false,
      "locked": {
        "lastModified": 1787587910,
        "narHash": "sha256-AybluTy2PvxOvT/k2sMS5en91oYL5j/gumGkfQMy3ZQ=",
        "ref": "refs/tags/0.10.0",
        "rev": "64e63f560737b3b7f85ef8267c5918e4b8176d5a",
        "revCount": 24,
        "type": "git",
        "url": "https://github.com/KDAB/cxx-qt-cmake"
      },
      "original": {
        "ref": "refs/tags/0.10.0",
        "type": "git",
        "url": "https://github.com/KDAB/cxx-qt-cmake"
      }
    },
    "cxx-qt-source": {
      "flake": false,
      "locked": {
        "lastModified": 1783088476,
        "narHash": "sha256-4c6RdeomQHm/4xc+ZtOTyOic+ZUpB1hsRLaj3W58Gx8=",
        "ref": "refs/heads/main",
        "rev": "d1601f4c4cd601fbb520af42ecc34b9bb6ed46f8",
        "revCount": 1653,
        "type": "git",
        "url": "https://github.com/KDAB/cxx-qt"
      },
      "original": {
        "rev": "d1601f4c4cd601fbb520af42ecc34b9bb6ed46f8",
        "type": "git",
        "url": "https://github.com/KDAB/cxx-qt"
      }
    },
    "fenix": {
      "inputs": {
        "nixpkgs": [
          "volvelle-shell",
          "nixpkgs"
        ],
        "rust-analyzer-src": "rust-analyzer-src"
      },
      "locked": {
        "lastModified": 1788089909,
        "narHash": "sha256-m5+noXf4tQ4bwGdpnaEmrhCRXJodKz9gaiva8FEM/50=",
        "ref": "refs/heads/main",
        "rev": "d0904bb5eb3edc64c4acaccd1199ebded3fc0bca",
        "revCount": 2767,
        "type": "git",
        "url": "https://github.com/nix-community/fenix"
      },
      "original": {
        "rev": "d0904bb5eb3edc64c4acaccd1199ebded3fc0bca",
        "type": "git",
        "url": "https://github.com/nix-community/fenix"
      }
    },
    "m3shapes": {
      "flake": false,
      "locked": {
        "lastModified": 1781017666,
        "narHash": "sha256-kfHyzZaPHgqZML48OA+5JwBOsLdQJ2ci/aGPShvUB4Y=",
        "owner": "soramanew",
        "repo": "m3shapes",
        "rev": "bdc327b29f95394a732baf3c9b19658ba23755b6",
        "type": "github"
      },
      "original": {
        "owner": "soramanew",
        "repo": "m3shapes",
        "rev": "bdc327b29f95394a732baf3c9b19658ba23755b6",
        "type": "github"
      }
    },
    "nixpkgs": {
      "locked": {
        "lastModified": 1789006805,
        "narHash": "sha256-xB8mKMOx1IA9vTDNLmJZ6n4wCMq/cuWBBOzGCRnqxrU=",
        "owner": "nixos",
        "repo": "nixpkgs",
        "rev": "8ce4ef6cb6f871616146b9fe26d2a5ae594e94fe",
        "type": "github"
      },
      "original": {
        "owner": "nixos",
        "ref": "nixos-unstable",
        "repo": "nixpkgs",
        "type": "github"
      }
    },
    "quickshell": {
      "inputs": {
        "nixpkgs": [
          "volvelle-shell",
          "nixpkgs"
        ]
      },
      "locked": {
        "lastModified": 1785704021,
        "narHash": "sha256-eQtczKMAS4ItlB4pr1B3MqBZiyRVl2nkqNdtyRSQMa8=",
        "ref": "refs/heads/master",
        "rev": "28771c7c74b42e20afca0b1b63980cb46515537c",
        "revCount": 835,
        "type": "git",
        "url": "https://git.outfoxxed.me/outfoxxed/quickshell"
      },
      "original": {
        "type": "git",
        "url": "https://git.outfoxxed.me/outfoxxed/quickshell"
      }
    },
    "root": {
      "inputs": {
        "nixpkgs": "nixpkgs",
        "volvelle-shell": "volvelle-shell"
      }
    },
    "rust-analyzer-src": {
      "flake": false,
      "locked": {
        "lastModified": 1788006766,
        "narHash": "sha256-2y3YICAYI5iU5lO35jqoES7CnLRCRXI7JNoHFhmhcD8=",
        "owner": "rust-lang",
        "repo": "rust-analyzer",
        "rev": "e96ea7a5805992ec868e8ab185bc371267048421",
        "type": "github"
      },
      "original": {
        "owner": "rust-lang",
        "ref": "nightly",
        "repo": "rust-analyzer",
        "type": "github"
      }
    },
    "volvelle-shell": {
      "inputs": {
        "crane": "crane",
        "cxx-qt-cmake": "cxx-qt-cmake",
        "cxx-qt-source": "cxx-qt-source",
        "fenix": "fenix",
        "m3shapes": "m3shapes",
        "nixpkgs": [
          "nixpkgs"
        ],
        "quickshell": "quickshell",
        "volvelle-cli": []
      },
      "locked": {
        "lastModified": 1789269746,
        "narHash": "sha256-AGOAB/W9W/iIgk+nRfwLlAkrxw+HZ0JeA2Rxj0sc2aE=",
        "ref": "main",
        "rev": "89557c95d59b73d99e13bdd41ed33b99c31eb09a",
        "revCount": 2645,
        "type": "git",
        "url": "ssh://git@github.com/arcane-semantics/volvelle-shell"
      },
      "original": {
        "ref": "main",
        "type": "git",
        "url": "ssh://git@github.com/arcane-semantics/volvelle-shell"
      }
    }
  },
  "root": "root",
  "version": 7
}
